<?xml version="1.0" encoding="utf-8"?>
<Project ToolsVersion="4.0" xmlns="http://schemas.microsoft.com/developer/msbuild/2003">
  <ItemGroup>
    <Filter Include="源文件">
      <UniqueIdentifier>{4FC737F1-C7A5-4376-A066-2A32D752A2FF}</UniqueIdentifier>
      <Extensions>cpp;c;cc;cxx;c++;cppm;ixx;def;odl;idl;hpj;bat;asm;asmx</Extensions>
    </Filter>
    <Filter Include="头文件">
      <UniqueIdentifier>{93995380-89BD-4b04-88EB-625FBE52EBFB}</UniqueIdentifier>
      <Extensions>h;hh;hpp;hxx;h++;hm;inl;inc;ipp;xsd</Extensions>
    </Filter>
    <Filter Include="IMGUI">
      <UniqueIdentifier>{4ead66a8-6c4f-4554-a6d1-da77b26a876c}</UniqueIdentifier>
    </Filter>
  </ItemGroup>
  <ItemGroup>
    <ClCompile Include="main.cpp">
      <Filter>源文件</Filter>
    </ClCompile>
    <ClCompile Include="IMGUI\imgui.cpp">
      <Filter>IMGUI</Filter>
    </ClCompile>
    <ClCompile Include="IMGUI\imgui_demo.cpp">
      <Filter>IMGUI</Filter>
    </ClCompile>
    <ClCompile Include="IMGUI\imgui_draw.cpp">
      <Filter>IMGUI</Filter>
    </ClCompile>
    <ClCompile Include="IMGUI\imgui_impl_dx11.cpp">
      <Filter>IMGUI</Filter>
    </ClCompile>
    <ClCompile Include="IMGUI\imgui_impl_win32.cpp">
      <Filter>IMGUI</Filter>
    </ClCompile>
    <ClCompile Include="IMGUI\imgui_tables.cpp">
      <Filter>IMGUI</Filter>
    </ClCompile>
    <ClCompile Include="IMGUI\imgui_widgets.cpp">
      <Filter>IMGUI</Filter>
    </ClCompile>
    <ClCompile Include="Utils.cpp">
      <Filter>源文件</Filter>
    </ClCompile>
    <ClCompile Include="Driver\SCANNER\Scanner.cpp">
      <Filter>源文件</Filter>
    </ClCompile>
    <ClCompile Include="Driver\API\Driver.cpp">
      <Filter>源文件</Filter>
    </ClCompile>
  </ItemGroup>
  <ItemGroup>
    <ClInclude Include="main.h">
      <Filter>头文件</Filter>
    </ClInclude>
    <ClInclude Include="IMGUI\imconfig.h">
      <Filter>IMGUI</Filter>
    </ClInclude>
    <ClInclude Include="IMGUI\imgui.h">
      <Filter>IMGUI</Filter>
    </ClInclude>
    <ClInclude Include="IMGUI\imgui_impl_dx11.h">
      <Filter>IMGUI</Filter>
    </ClInclude>
    <ClInclude Include="IMGUI\imgui_impl_win32.h">
      <Filter>IMGUI</Filter>
    </ClInclude>
    <ClInclude Include="IMGUI\imgui_internal.h">
      <Filter>IMGUI</Filter>
    </ClInclude>
    <ClInclude Include="IMGUI\imstb_rectpack.h">
      <Filter>IMGUI</Filter>
    </ClInclude>
    <ClInclude Include="IMGUI\imstb_textedit.h">
      <Filter>IMGUI</Filter>
    </ClInclude>
    <ClInclude Include="IMGUI\imstb_truetype.h">
      <Filter>IMGUI</Filter>
    </ClInclude>
    <ClInclude Include="AsmHook.h">
      <Filter>头文件</Filter>
    </ClInclude>
    <ClInclude Include="Utils.h">
      <Filter>头文件</Filter>
    </ClInclude>
    <ClInclude Include="Driver\SCANNER\Scanner.h">
      <Filter>头文件</Filter>
    </ClInclude>
    <ClInclude Include="Driver\UTILS\lazy_importer.hpp">
      <Filter>头文件</Filter>
    </ClInclude>
    <ClInclude Include="Driver\UTILS\skCrypt.h">
      <Filter>头文件</Filter>
    </ClInclude>
    <ClInclude Include="Driver\Callstack-Spoofer.h">
      <Filter>头文件</Filter>
    </ClInclude>
    <ClInclude Include="Driver\Loadup.h">
      <Filter>头文件</Filter>
    </ClInclude>
    <ClInclude Include="Includes.h">
      <Filter>头文件</Filter>
    </ClInclude>
    <ClInclude Include="Lib\curl\curl\curl.h">
      <Filter>头文件</Filter>
    </ClInclude>
    <ClInclude Include="Lib\curl\curl\curlver.h">
      <Filter>头文件</Filter>
    </ClInclude>
    <ClInclude Include="Lib\curl\curl\easy.h">
      <Filter>头文件</Filter>
    </ClInclude>
    <ClInclude Include="Lib\curl\curl\header.h">
      <Filter>头文件</Filter>
    </ClInclude>
    <ClInclude Include="Lib\curl\curl\mprintf.h">
      <Filter>头文件</Filter>
    </ClInclude>
    <ClInclude Include="Lib\curl\curl\multi.h">
      <Filter>头文件</Filter>
    </ClInclude>
    <ClInclude Include="Lib\curl\curl\options.h">
      <Filter>头文件</Filter>
    </ClInclude>
    <ClInclude Include="Lib\curl\curl\stdcheaders.h">
      <Filter>头文件</Filter>
    </ClInclude>
    <ClInclude Include="Lib\curl\curl\system.h">
      <Filter>头文件</Filter>
    </ClInclude>
    <ClInclude Include="Lib\curl\curl\typecheck-gcc.h">
      <Filter>头文件</Filter>
    </ClInclude>
    <ClInclude Include="Lib\curl\curl\urlapi.h">
      <Filter>头文件</Filter>
    </ClInclude>
    <ClInclude Include="Lib\curl\curl\websockets.h">
      <Filter>头文件</Filter>
    </ClInclude>
    <ClInclude Include="Lib\fonts.hpp">
      <Filter>头文件</Filter>
    </ClInclude>
    <ClInclude Include="Lib\json.hpp">
      <Filter>头文件</Filter>
    </ClInclude>
    <ClInclude Include="utils\hardware.hpp">
      <Filter>头文件</Filter>
    </ClInclude>
    <ClInclude Include="utils\lazy_importer.hpp">
      <Filter>头文件</Filter>
    </ClInclude>
    <ClInclude Include="utils\pimraryXor.h">
      <Filter>头文件</Filter>
    </ClInclude>
    <ClInclude Include="utils\vector.h">
      <Filter>头文件</Filter>
    </ClInclude>
    <ClInclude Include="overlay\render\drawUtils.hpp">
      <Filter>头文件</Filter>
    </ClInclude>
    <ClInclude Include="sdk\data\client_dll.hpp">
      <Filter>头文件</Filter>
    </ClInclude>
    <ClInclude Include="sdk\data\engine2_dll.hpp">
      <Filter>头文件</Filter>
    </ClInclude>
    <ClInclude Include="sdk\data\offsets.hpp">
      <Filter>头文件</Filter>
    </ClInclude>
    <ClInclude Include="sdk\data\weapon_info.h">
      <Filter>头文件</Filter>
    </ClInclude>
    <ClInclude Include="sdk\vphys\ray_trace.h">
      <Filter>头文件</Filter>
    </ClInclude>
    <ClInclude Include="sdk\vphys\vector.h">
      <Filter>头文件</Filter>
    </ClInclude>
    <ClInclude Include="sdk\sdk.h">
      <Filter>头文件</Filter>
    </ClInclude>
    <ClInclude Include="Driver\API\Driver.h">
      <Filter>头文件</Filter>
    </ClInclude>
    <ClInclude Include="overlay\render\framework\cfg.h">
      <Filter>头文件</Filter>
    </ClInclude>
    <ClInclude Include="overlay\render\draw.hpp">
      <Filter>头文件</Filter>
    </ClInclude>
    <ClInclude Include="overlay\render\framework\framework.hpp">
      <Filter>头文件</Filter>
    </ClInclude>
    <ClInclude Include="sdk\world.hpp">
      <Filter>头文件</Filter>
    </ClInclude>
    <ClInclude Include="sdk\player.hpp">
      <Filter>头文件</Filter>
    </ClInclude>
  </ItemGroup>
  <ItemGroup>
    <MASM Include="AsmHook.asm">
      <Filter>头文件</Filter>
    </MASM>
  </ItemGroup>
</Project>