<?xml version="1.0" encoding="utf-8"?>
<Project ToolsVersion="4.0" xmlns="http://schemas.microsoft.com/developer/msbuild/2003">
  <ItemGroup>
    <ClCompile Include="Driver Entry\recode.cpp" />
    <ClCompile Include="cr3 bypass\cr3.cpp" />
    <ClCompile Include="driver methods\write\write.cpp" />
    <ClCompile Include="driver methods\Helper\Helper.cpp" />
    <ClCompile Include="driver methods\read\read.cpp" />
    <ClCompile Include="driver methods\base.address\baseaddress.cpp" />
    <ClCompile Include="Driver Entry\handler\handler.cpp" />
    <ClCompile Include="driver essentials\ntos base\ntos_base.cpp" />
    <ClCompile Include="driver methods\includes\structs.cpp" />
    <ClCompile Include="driver methods\mouse.movement\mouse.cpp" />
    <ClCompile Include="driver methods\HideTask\process.cpp" />
    <ClCompile Include="driver methods\module.address\moduleaddress.cpp" />
    <ClCompile Include="Traces\HashBucket\hash.cpp" />
    <ClCompile Include="Traces\MMU_MML\mmu_mml.cpp" />
    <ClCompile Include="Traces\PiDDB\piddb.cpp" />
    <ClCompile Include="Traces\kernel.cpp" />
  </ItemGroup>
  <ItemGroup>
    <Filter Include="cr3 bypass">
      <UniqueIdentifier>{1ef9b674-393e-4b70-b611-a707a92f48ee}</UniqueIdentifier>
    </Filter>
  </ItemGroup>
  <ItemGroup>
    <ClInclude Include="cr3 bypass\cr3.h" />
    <ClInclude Include="driver methods\write\write.h" />
    <ClInclude Include="driver methods\includes\structs.h" />
    <ClInclude Include="driver methods\includes\ioctl_codes.h" />
    <ClInclude Include="driver methods\Helper\Helper.h" />
    <ClInclude Include="driver methods\read\read.h" />
    <ClInclude Include="driver methods\base.address\baseaddress.h" />
    <ClInclude Include="Driver Entry\handler\handler.h" />
    <ClInclude Include="driver essentials\imports.h" />
    <ClInclude Include="driver essentials\ntos base\ntos_base.h" />
    <ClInclude Include="driver essentials\encrypt.h" />
    <ClInclude Include="driver essentials\import.h" />
    <ClInclude Include="driver methods\includes\callstack.h" />
    <ClInclude Include="driver methods\mouse.movement\mouse.h" />
    <ClInclude Include="driver methods\HideTask\process.h" />
    <ClInclude Include="driver methods\module.address\moduleaddress.h" />
    <ClInclude Include="Traces\global.h" />
    <ClInclude Include="Traces\xor.h" />
  </ItemGroup>
</Project>